
Microsoft Visual Studio Solution File, Format Version 12.00
# Visual Studio Version 16
VisualStudioVersion = 16.0.31729.503
MinimumVisualStudioVersion = 10.0.40219.1
Project("{FAE04EC0-301F-11D3-BF4B-00C04F79EFBC}") = "SampleAPI", "SampleAPI\SampleAPI.csproj", "{0AE30CC2-5668-4119-A42A-037B1E5CD315}"
EndProject
Global
	GlobalSection(SolutionConfigurationPlatforms) = preSolution
		Debug|Any CPU = Debug|Any CPU
		Release|Any CPU = Release|Any CPU
	EndGlobalSection
	GlobalSection(ProjectConfigurationPlatforms) = postSolution
		{0AE30CC2-5668-4119-A42A-037B1E5CD315}.Debug|Any CPU.ActiveCfg = Debug|Any CPU
		{0AE30CC2-5668-4119-A42A-037B1E5CD315}.Debug|Any CPU.Build.0 = Debug|Any CPU
		{0AE30CC2-5668-4119-A42A-037B1E5CD315}.Release|Any CPU.ActiveCfg = Release|Any CPU
		{0AE30CC2-5668-4119-A42A-037B1E5CD315}.Release|Any CPU.Build.0 = Release|Any CPU
	EndGlobalSection
	GlobalSection(SolutionProperties) = preSolution
		HideSolutionNode = FALSE
	EndGlobalSection
	GlobalSection(ExtensibilityGlobals) = postSolution
		SolutionGuid = {DE93D89B-B203-457A-B6F1-144C841104E1}
	EndGlobalSection
EndGlobal
